
Microsoft Visual Studio Solution File, Format Version 12.00
# Visual Studio Version 17
VisualStudioVersion = 17.5.002.0
MinimumVisualStudioVersion = 10.0.40219.1
Project("{FAE04EC0-301F-11D3-BF4B-00C04F79EFBC}") = "leetcode", "leetcode\leetcode.csproj", "{D5469161-88B7-46C9-A1A9-C26961A11F20}"
EndProject
Global
	GlobalSection(SolutionProperties) = preSolution
		HideSolutionNode = FALSE
	EndGlobalSection
	GlobalSection(ExtensibilityGlobals) = postSolution
		SolutionGuid = {9CCC3F86-1E8F-4D5B-9BED-D327C144D041}
	EndGlobalSection
	GlobalSection(SolutionConfigurationPlatforms) = preSolution
		Debug|Any CPU = Debug|Any CPU
		Debug|x64 = Debug|x64
		Debug|x86 = Debug|x86
		Release|Any CPU = Release|Any CPU
		Release|x64 = Release|x64
		Release|x86 = Release|x86
	EndGlobalSection
	GlobalSection(ProjectConfigurationPlatforms) = postSolution
		{D5469161-88B7-46C9-A1A9-C26961A11F20}.Debug|Any CPU.ActiveCfg = Debug|Any CPU
		{D5469161-88B7-46C9-A1A9-C26961A11F20}.Debug|Any CPU.Build.0 = Debug|Any CPU
		{D5469161-88B7-46C9-A1A9-C26961A11F20}.Debug|x64.ActiveCfg = Debug|Any CPU
		{D5469161-88B7-46C9-A1A9-C26961A11F20}.Debug|x64.Build.0 = Debug|Any CPU
		{D5469161-88B7-46C9-A1A9-C26961A11F20}.Debug|x86.ActiveCfg = Debug|Any CPU
		{D5469161-88B7-46C9-A1A9-C26961A11F20}.Debug|x86.Build.0 = Debug|Any CPU
		{D5469161-88B7-46C9-A1A9-C26961A11F20}.Release|Any CPU.ActiveCfg = Release|Any CPU
		{D5469161-88B7-46C9-A1A9-C26961A11F20}.Release|Any CPU.Build.0 = Release|Any CPU
		{D5469161-88B7-46C9-A1A9-C26961A11F20}.Release|x64.ActiveCfg = Release|Any CPU
		{D5469161-88B7-46C9-A1A9-C26961A11F20}.Release|x64.Build.0 = Release|Any CPU
		{D5469161-88B7-46C9-A1A9-C26961A11F20}.Release|x86.ActiveCfg = Release|Any CPU
		{D5469161-88B7-46C9-A1A9-C26961A11F20}.Release|x86.Build.0 = Release|Any CPU
	EndGlobalSection
EndGlobal
