Microsoft Visual Studio Solution File, Format Version 12.00
# Visual Studio Version 17
VisualStudioVersion = 17.5.2.0
MinimumVisualStudioVersion = 10.0.40219.1
Project("{FAE04EC0-301F-11D3-BF4B-00C04F79EFBC}") = "rate-limitor", "rate-limitor.csproj", "{8868D3BB-6779-52FB-D87C-028B83B0E974}"
EndProject
Global
	GlobalSection(SolutionConfigurationPlatforms) = preSolution
		Debug|Any CPU = Debug|Any CPU
		Release|Any CPU = Release|Any CPU
	EndGlobalSection
	GlobalSection(ProjectConfigurationPlatforms) = postSolution
		{8868D3BB-6779-52FB-D87C-028B83B0E974}.Debug|Any CPU.ActiveCfg = Debug|Any CPU
		{8868D3BB-6779-52FB-D87C-028B83B0E974}.Debug|Any CPU.Build.0 = Debug|Any CPU
		{8868D3BB-6779-52FB-D87C-028B83B0E974}.Release|Any CPU.ActiveCfg = Release|Any CPU
		{8868D3BB-6779-52FB-D87C-028B83B0E974}.Release|Any CPU.Build.0 = Release|Any CPU
	EndGlobalSection
	GlobalSection(SolutionProperties) = preSolution
		HideSolutionNode = FALSE
	EndGlobalSection
	GlobalSection(ExtensibilityGlobals) = postSolution
		SolutionGuid = {4AC5180F-285F-4F0F-B322-063FABE35883}
	EndGlobalSection
EndGlobal
